
Microsoft Visual Studio Solution File, Format Version 12.00
# Visual Studio 14
VisualStudioVersion = 14.0.25420.1
MinimumVisualStudioVersion = 10.0.40219.1
Project("{D954291E-2A0B-460D-934E-DC6B0785DB48}") = "ImageEx.Shared", "ImageEx.Shared\ImageEx.Shared.shproj", "{89CA0C91-0641-4501-81E1-6FB7305C1FF8}"
EndProject
Project("{FAE04EC0-301F-11D3-BF4B-00C04F79EFBC}") = "ImageEx.Wpf", "ImageEx.Wpf\ImageEx.Wpf.csproj", "{B3333021-FAFB-43D7-BF69-226EB4A9AC66}"
EndProject
Project("{FAE04EC0-301F-11D3-BF4B-00C04F79EFBC}") = "ImageEx.Wpf.Demo", "ImageEx.Wpf.Demo\ImageEx.Wpf.Demo.csproj", "{25364B1A-1251-43DB-AA9E-879AB22BDD7C}"
EndProject
Global
	GlobalSection(SharedMSBuildProjectFiles) = preSolution
		ImageEx.Shared\ImageEx.Shared.projitems*{89ca0c91-0641-4501-81e1-6fb7305c1ff8}*SharedItemsImports = 13
		ImageEx.Shared\ImageEx.Shared.projitems*{b3333021-fafb-43d7-bf69-226eb4a9ac66}*SharedItemsImports = 4
	EndGlobalSection
	GlobalSection(SolutionConfigurationPlatforms) = preSolution
		Debug|Any CPU = Debug|Any CPU
		Release|Any CPU = Release|Any CPU
	EndGlobalSection
	GlobalSection(ProjectConfigurationPlatforms) = postSolution
		{B3333021-FAFB-43D7-BF69-226EB4A9AC66}.Debug|Any CPU.ActiveCfg = Debug|Any CPU
		{B3333021-FAFB-43D7-BF69-226EB4A9AC66}.Debug|Any CPU.Build.0 = Debug|Any CPU
		{B3333021-FAFB-43D7-BF69-226EB4A9AC66}.Release|Any CPU.ActiveCfg = Release|Any CPU
		{B3333021-FAFB-43D7-BF69-226EB4A9AC66}.Release|Any CPU.Build.0 = Release|Any CPU
		{25364B1A-1251-43DB-AA9E-879AB22BDD7C}.Debug|Any CPU.ActiveCfg = Debug|Any CPU
		{25364B1A-1251-43DB-AA9E-879AB22BDD7C}.Debug|Any CPU.Build.0 = Debug|Any CPU
		{25364B1A-1251-43DB-AA9E-879AB22BDD7C}.Release|Any CPU.ActiveCfg = Release|Any CPU
		{25364B1A-1251-43DB-AA9E-879AB22BDD7C}.Release|Any CPU.Build.0 = Release|Any CPU
	EndGlobalSection
	GlobalSection(SolutionProperties) = preSolution
		HideSolutionNode = FALSE
	EndGlobalSection
EndGlobal
