
Microsoft Visual Studio Solution File, Format Version 12.00
# Visual Studio 14
VisualStudioVersion = 14.0.25420.1
MinimumVisualStudioVersion = 10.0.40219.1
Project("{FAE04EC0-301F-11D3-BF4B-00C04F79EFBC}") = "ImageEx.Uwp", "ImageEx.Uwp\ImageEx.Uwp.csproj", "{E5765783-DF05-479A-9A7F-41E128AB5165}"
EndProject
Project("{FAE04EC0-301F-11D3-BF4B-00C04F79EFBC}") = "ImageEx.Wpf", "ImageEx.Wpf\ImageEx.Wpf.csproj", "{6A03D9B1-A26E-46D7-8450-CFD886E8C8C7}"
EndProject
Project("{FAE04EC0-301F-11D3-BF4B-00C04F79EFBC}") = "ImageEx.Wpf.Demo", "ImageEx.Wpf.Demo\ImageEx.Wpf.Demo.csproj", "{77A81A4A-366F-46D4-B528-9E88E30CBE64}"
EndProject
Project("{FAE04EC0-301F-11D3-BF4B-00C04F79EFBC}") = "ImageEx.Uwp.Demo", "ImageEx.Uwp.Demo\ImageEx.Uwp.Demo.csproj", "{5C86E51F-80CA-481F-9FA4-99662C7211D1}"
EndProject
Global
	GlobalSection(SolutionConfigurationPlatforms) = preSolution
		Debug|Any CPU = Debug|Any CPU
		Debug|ARM = Debug|ARM
		Debug|x64 = Debug|x64
		Debug|x86 = Debug|x86
		Release|Any CPU = Release|Any CPU
		Release|ARM = Release|ARM
		Release|x64 = Release|x64
		Release|x86 = Release|x86
	EndGlobalSection
	GlobalSection(ProjectConfigurationPlatforms) = postSolution
		{E5765783-DF05-479A-9A7F-41E128AB5165}.Debug|Any CPU.ActiveCfg = Debug|Any CPU
		{E5765783-DF05-479A-9A7F-41E128AB5165}.Debug|Any CPU.Build.0 = Debug|Any CPU
		{E5765783-DF05-479A-9A7F-41E128AB5165}.Debug|ARM.ActiveCfg = Debug|ARM
		{E5765783-DF05-479A-9A7F-41E128AB5165}.Debug|ARM.Build.0 = Debug|ARM
		{E5765783-DF05-479A-9A7F-41E128AB5165}.Debug|x64.ActiveCfg = Debug|x64
		{E5765783-DF05-479A-9A7F-41E128AB5165}.Debug|x64.Build.0 = Debug|x64
		{E5765783-DF05-479A-9A7F-41E128AB5165}.Debug|x86.ActiveCfg = Debug|x86
		{E5765783-DF05-479A-9A7F-41E128AB5165}.Debug|x86.Build.0 = Debug|x86
		{E5765783-DF05-479A-9A7F-41E128AB5165}.Release|Any CPU.ActiveCfg = Release|Any CPU
		{E5765783-DF05-479A-9A7F-41E128AB5165}.Release|Any CPU.Build.0 = Release|Any CPU
		{E5765783-DF05-479A-9A7F-41E128AB5165}.Release|ARM.ActiveCfg = Release|ARM
		{E5765783-DF05-479A-9A7F-41E128AB5165}.Release|ARM.Build.0 = Release|ARM
		{E5765783-DF05-479A-9A7F-41E128AB5165}.Release|x64.ActiveCfg = Release|x64
		{E5765783-DF05-479A-9A7F-41E128AB5165}.Release|x64.Build.0 = Release|x64
		{E5765783-DF05-479A-9A7F-41E128AB5165}.Release|x86.ActiveCfg = Release|x86
		{E5765783-DF05-479A-9A7F-41E128AB5165}.Release|x86.Build.0 = Release|x86
		{6A03D9B1-A26E-46D7-8450-CFD886E8C8C7}.Debug|Any CPU.ActiveCfg = Debug|Any CPU
		{6A03D9B1-A26E-46D7-8450-CFD886E8C8C7}.Debug|Any CPU.Build.0 = Debug|Any CPU
		{6A03D9B1-A26E-46D7-8450-CFD886E8C8C7}.Debug|ARM.ActiveCfg = Debug|Any CPU
		{6A03D9B1-A26E-46D7-8450-CFD886E8C8C7}.Debug|ARM.Build.0 = Debug|Any CPU
		{6A03D9B1-A26E-46D7-8450-CFD886E8C8C7}.Debug|x64.ActiveCfg = Debug|Any CPU
		{6A03D9B1-A26E-46D7-8450-CFD886E8C8C7}.Debug|x64.Build.0 = Debug|Any CPU
		{6A03D9B1-A26E-46D7-8450-CFD886E8C8C7}.Debug|x86.ActiveCfg = Debug|Any CPU
		{6A03D9B1-A26E-46D7-8450-CFD886E8C8C7}.Debug|x86.Build.0 = Debug|Any CPU
		{6A03D9B1-A26E-46D7-8450-CFD886E8C8C7}.Release|Any CPU.ActiveCfg = Release|Any CPU
		{6A03D9B1-A26E-46D7-8450-CFD886E8C8C7}.Release|Any CPU.Build.0 = Release|Any CPU
		{6A03D9B1-A26E-46D7-8450-CFD886E8C8C7}.Release|ARM.ActiveCfg = Release|Any CPU
		{6A03D9B1-A26E-46D7-8450-CFD886E8C8C7}.Release|ARM.Build.0 = Release|Any CPU
		{6A03D9B1-A26E-46D7-8450-CFD886E8C8C7}.Release|x64.ActiveCfg = Release|Any CPU
		{6A03D9B1-A26E-46D7-8450-CFD886E8C8C7}.Release|x64.Build.0 = Release|Any CPU
		{6A03D9B1-A26E-46D7-8450-CFD886E8C8C7}.Release|x86.ActiveCfg = Release|Any CPU
		{6A03D9B1-A26E-46D7-8450-CFD886E8C8C7}.Release|x86.Build.0 = Release|Any CPU
		{77A81A4A-366F-46D4-B528-9E88E30CBE64}.Debug|Any CPU.ActiveCfg = Debug|Any CPU
		{77A81A4A-366F-46D4-B528-9E88E30CBE64}.Debug|Any CPU.Build.0 = Debug|Any CPU
		{77A81A4A-366F-46D4-B528-9E88E30CBE64}.Debug|ARM.ActiveCfg = Debug|Any CPU
		{77A81A4A-366F-46D4-B528-9E88E30CBE64}.Debug|ARM.Build.0 = Debug|Any CPU
		{77A81A4A-366F-46D4-B528-9E88E30CBE64}.Debug|x64.ActiveCfg = Debug|Any CPU
		{77A81A4A-366F-46D4-B528-9E88E30CBE64}.Debug|x64.Build.0 = Debug|Any CPU
		{77A81A4A-366F-46D4-B528-9E88E30CBE64}.Debug|x86.ActiveCfg = Debug|Any CPU
		{77A81A4A-366F-46D4-B528-9E88E30CBE64}.Debug|x86.Build.0 = Debug|Any CPU
		{77A81A4A-366F-46D4-B528-9E88E30CBE64}.Release|Any CPU.ActiveCfg = Release|Any CPU
		{77A81A4A-366F-46D4-B528-9E88E30CBE64}.Release|Any CPU.Build.0 = Release|Any CPU
		{77A81A4A-366F-46D4-B528-9E88E30CBE64}.Release|ARM.ActiveCfg = Release|Any CPU
		{77A81A4A-366F-46D4-B528-9E88E30CBE64}.Release|ARM.Build.0 = Release|Any CPU
		{77A81A4A-366F-46D4-B528-9E88E30CBE64}.Release|x64.ActiveCfg = Release|Any CPU
		{77A81A4A-366F-46D4-B528-9E88E30CBE64}.Release|x64.Build.0 = Release|Any CPU
		{77A81A4A-366F-46D4-B528-9E88E30CBE64}.Release|x86.ActiveCfg = Release|Any CPU
		{77A81A4A-366F-46D4-B528-9E88E30CBE64}.Release|x86.Build.0 = Release|Any CPU
		{5C86E51F-80CA-481F-9FA4-99662C7211D1}.Debug|Any CPU.ActiveCfg = Debug|x86
		{5C86E51F-80CA-481F-9FA4-99662C7211D1}.Debug|Any CPU.Build.0 = Debug|x86
		{5C86E51F-80CA-481F-9FA4-99662C7211D1}.Debug|Any CPU.Deploy.0 = Debug|x86
		{5C86E51F-80CA-481F-9FA4-99662C7211D1}.Debug|ARM.ActiveCfg = Debug|ARM
		{5C86E51F-80CA-481F-9FA4-99662C7211D1}.Debug|ARM.Build.0 = Debug|ARM
		{5C86E51F-80CA-481F-9FA4-99662C7211D1}.Debug|ARM.Deploy.0 = Debug|ARM
		{5C86E51F-80CA-481F-9FA4-99662C7211D1}.Debug|x64.ActiveCfg = Debug|x64
		{5C86E51F-80CA-481F-9FA4-99662C7211D1}.Debug|x64.Build.0 = Debug|x64
		{5C86E51F-80CA-481F-9FA4-99662C7211D1}.Debug|x64.Deploy.0 = Debug|x64
		{5C86E51F-80CA-481F-9FA4-99662C7211D1}.Debug|x86.ActiveCfg = Debug|x86
		{5C86E51F-80CA-481F-9FA4-99662C7211D1}.Debug|x86.Build.0 = Debug|x86
		{5C86E51F-80CA-481F-9FA4-99662C7211D1}.Debug|x86.Deploy.0 = Debug|x86
		{5C86E51F-80CA-481F-9FA4-99662C7211D1}.Release|Any CPU.ActiveCfg = Release|x86
		{5C86E51F-80CA-481F-9FA4-99662C7211D1}.Release|ARM.ActiveCfg = Release|ARM
		{5C86E51F-80CA-481F-9FA4-99662C7211D1}.Release|ARM.Build.0 = Release|ARM
		{5C86E51F-80CA-481F-9FA4-99662C7211D1}.Release|ARM.Deploy.0 = Release|ARM
		{5C86E51F-80CA-481F-9FA4-99662C7211D1}.Release|x64.ActiveCfg = Release|x64
		{5C86E51F-80CA-481F-9FA4-99662C7211D1}.Release|x64.Build.0 = Release|x64
		{5C86E51F-80CA-481F-9FA4-99662C7211D1}.Release|x64.Deploy.0 = Release|x64
		{5C86E51F-80CA-481F-9FA4-99662C7211D1}.Release|x86.ActiveCfg = Release|x86
		{5C86E51F-80CA-481F-9FA4-99662C7211D1}.Release|x86.Build.0 = Release|x86
		{5C86E51F-80CA-481F-9FA4-99662C7211D1}.Release|x86.Deploy.0 = Release|x86
	EndGlobalSection
	GlobalSection(SolutionProperties) = preSolution
		HideSolutionNode = FALSE
	EndGlobalSection
EndGlobal
